{
  "name": "photolibrary",
  "version": "1.0.0",
  "lockfileVersion": 1,
  "requires": true,
  "dependencies": {
    "commander": {
      "version": "6.2.1",
      "resolved": "http://npm.yandex-team.ru/commander/-/commander-6.2.1.tgz",
      "integrity": "sha512-U7VdrJFnJgo4xjrHpTzu0yrHPGImdsmD95ZlgYSEajAn2JKzDhDTPG9kBTefmObL2w/ngeZnilk+OV9CG3d7UA=="
    },
    "debug": {
      "version": "2.6.9",
      "resolved": "http://npm.yandex-team.ru/debug/-/debug-2.6.9.tgz",
      "integrity": "sha512-bC7ElrdJaJnPbAP+1EotYvqZsb3ecl5wi6Bfi6BJTUcNowp6cvspg0jXznRTKDjm/E7AdgFBVeAPVMNcKGsHMA==",
      "requires": {
        "ms": "2.0.0"
      }
    },
    "exif": {
      "version": "0.6.0",
      "resolved": "http://npm.yandex-team.ru/exif/-/exif-0.6.0.tgz",
      "integrity": "sha1-YKYmaAdlQst+T1cZnUrG830sX0o=",
      "requires": {
        "debug": "^2.2"
      }
    },
    "image-size": {
      "version": "1.0.1",
      "resolved": "https://npm.yandex-team.ru/image-size/-/image-size-1.0.1.tgz?rbtorrent=7b8477b656a75bc04cf99c1e7fa49883ac8e0f80",
      "integrity": "sha512-VAwkvNSNGClRw9mDHhc5Efax8PLlsOGcUTh0T/LIriC8vPA3U5PdqXWqkz406MoYHMKW8Uf9gWr05T/rYB44kQ==",
      "requires": {
        "queue": "6.0.2"
      }
    },
    "inherits": {
      "version": "2.0.4",
      "resolved": "http://npm.yandex-team.ru/inherits/-/inherits-2.0.4.tgz",
      "integrity": "sha512-k/vGaX4/Yla3WzyMCvTQOXYeIHvqOKtnqBduzTHpzpQZzAskKMhZ2K+EnBiSM9zGSoIFeMpXKxa4dYeZIQqewQ=="
    },
    "ms": {
      "version": "2.0.0",
      "resolved": "http://npm.yandex-team.ru/ms/-/ms-2.0.0.tgz",
      "integrity": "sha1-VgiurfwAvmwpAd9fmGF4jeDVl8g="
    },
    "piexifjs": {
      "version": "1.0.6",
      "resolved": "http://npm.yandex-team.ru/piexifjs/-/piexifjs-1.0.6.tgz",
      "integrity": "sha512-0wVyH0cKohzBQ5Gi2V1BuxYpxWfxF3cSqfFXfPIpl5tl9XLS5z4ogqhUCD20AbHi0h9aJkqXNJnkVev6gwh2ag=="
    },
    "prettier": {
      "version": "2.5.1",
      "resolved": "https://npm.yandex-team.ru/prettier/-/prettier-2.5.1.tgz?rbtorrent=799fde0e16d933ce873166b2ae180ce7365c80c4",
      "integrity": "sha512-vBZcPRUR5MZJwoyi3ZoyQlc1rXeEck8KgeC9AwwOn+exuxLxq5toTRDTSaVrXHxelDMHy9zlicw8u66yxoSUFg==",
      "dev": true
    },
    "queue": {
      "version": "6.0.2",
      "resolved": "https://npm.yandex-team.ru/queue/-/queue-6.0.2.tgz?rbtorrent=fd253ac8f31cb48d1c74b1dbbd6f8efb263ee782",
      "integrity": "sha512-iHZWu+q3IdFZFX36ro/lKBkSvfkztY5Y7HMiPlOUjhupPcG2JMfst2KKEpu5XndviX/3UhFbRngUPNKtgvtZiA==",
      "requires": {
        "inherits": "~2.0.3"
      }
    }
  }
}
